
Microsoft Visual Studio Solution File, Format Version 12.00
# Visual Studio 14
VisualStudioVersion = 14.0.23107.0
MinimumVisualStudioVersion = 10.0.40219.1
Project("{FAE04EC0-301F-11D3-BF4B-00C04F79EFBC}") = "EasyRedisMQ", "EasyRedisMQ\EasyRedisMQ.csproj", "{8C4C9B6D-0C8D-4BFB-BF9E-FDEAF7190ADD}"
EndProject
Global
	GlobalSection(SolutionConfigurationPlatforms) = preSolution
		Debug|Any CPU = Debug|Any CPU
		Release|Any CPU = Release|Any CPU
	EndGlobalSection
	GlobalSection(ProjectConfigurationPlatforms) = postSolution
		{8C4C9B6D-0C8D-4BFB-BF9E-FDEAF7190ADD}.Debug|Any CPU.ActiveCfg = Debug|Any CPU
		{8C4C9B6D-0C8D-4BFB-BF9E-FDEAF7190ADD}.Debug|Any CPU.Build.0 = Debug|Any CPU
		{8C4C9B6D-0C8D-4BFB-BF9E-FDEAF7190ADD}.Release|Any CPU.ActiveCfg = Release|Any CPU
		{8C4C9B6D-0C8D-4BFB-BF9E-FDEAF7190ADD}.Release|Any CPU.Build.0 = Release|Any CPU
	EndGlobalSection
	GlobalSection(SolutionProperties) = preSolution
		HideSolutionNode = FALSE
	EndGlobalSection
EndGlobal
